
Microsoft Visual Studio Solution File, Format Version 12.00
# Visual Studio Version 17
VisualStudioVersion = 17.5.33516.290
MinimumVisualStudioVersion = 10.0.40219.1
Project("{FAE04EC0-301F-11D3-BF4B-00C04F79EFBC}") = "WpfAppKosci2sposob3P", "WpfAppKosci2sposob3P\WpfAppKosci2sposob3P.csproj", "{6BD3D5C6-003B-4A9D-BB0D-8A7B280BC702}"
EndProject
Global
	GlobalSection(SolutionConfigurationPlatforms) = preSolution
		Debug|Any CPU = Debug|Any CPU
		Release|Any CPU = Release|Any CPU
	EndGlobalSection
	GlobalSection(ProjectConfigurationPlatforms) = postSolution
		{6BD3D5C6-003B-4A9D-BB0D-8A7B280BC702}.Debug|Any CPU.ActiveCfg = Debug|Any CPU
		{6BD3D5C6-003B-4A9D-BB0D-8A7B280BC702}.Debug|Any CPU.Build.0 = Debug|Any CPU
		{6BD3D5C6-003B-4A9D-BB0D-8A7B280BC702}.Release|Any CPU.ActiveCfg = Release|Any CPU
		{6BD3D5C6-003B-4A9D-BB0D-8A7B280BC702}.Release|Any CPU.Build.0 = Release|Any CPU
	EndGlobalSection
	GlobalSection(SolutionProperties) = preSolution
		HideSolutionNode = FALSE
	EndGlobalSection
	GlobalSection(ExtensibilityGlobals) = postSolution
		SolutionGuid = {0047E7CB-7389-48E8-99AD-E2E1C89B57B7}
	EndGlobalSection
EndGlobal
